
Microsoft Visual Studio Solution File, Format Version 12.00
# Visual Studio Express 2013 for Windows Desktop
VisualStudioVersion = 12.0.21005.1
MinimumVisualStudioVersion = 10.0.40219.1
Project("{FAE04EC0-301F-11D3-BF4B-00C04F79EFBC}") = "TokenClient.Protocols.OAuth2", "TokenClient.Protocols.OAuth2\TokenClient.Protocols.OAuth2.csproj", "{7DB1ACE4-D525-4411-A7EB-B25325DCE9BB}"
EndProject
Project("{FAE04EC0-301F-11D3-BF4B-00C04F79EFBC}") = "TokenClient.Services.AzureAd", "TokenClient.Services.AzureAD\TokenClient.Services.AzureAd.csproj", "{8702B2CE-A35E-4914-927B-0F7F23FE6EAB}"
EndProject
Project("{FAE04EC0-301F-11D3-BF4B-00C04F79EFBC}") = "TokenClient.Services.Adfs", "TokenClient.Services.Adfs\TokenClient.Services.Adfs.csproj", "{7C8214D9-D16D-459B-83F6-82DA065F0BED}"
EndProject
Project("{FAE04EC0-301F-11D3-BF4B-00C04F79EFBC}") = "TokenClient.Services.Adfs.Tests", "TokenClient.Services.Adfs.Tests\TokenClient.Services.Adfs.Tests.csproj", "{F20250C2-4C0A-4E8C-B25F-AD9171BC75D1}"
EndProject
Project("{FAE04EC0-301F-11D3-BF4B-00C04F79EFBC}") = "TokenClient.Services.Acs", "TokenClient.Services.Acs\TokenClient.Services.Acs.csproj", "{92DDD3AE-0CDB-43AA-862A-E9ACC52DBA50}"
EndProject
Project("{FAE04EC0-301F-11D3-BF4B-00C04F79EFBC}") = "TokenClient.Common", "TokenClient.Common\TokenClient.Common.csproj", "{30F81E97-853E-4B80-A553-A6C79B9180B3}"
EndProject
Project("{2150E333-8FDC-42A3-9474-1A3956D46DE8}") = ".nuget", ".nuget", "{DAB0563E-ED2E-417B-8CD4-53C57861E8B6}"
	ProjectSection(SolutionItems) = preProject
		.nuget\NuGet.Config = .nuget\NuGet.Config
		.nuget\NuGet.exe = .nuget\NuGet.exe
		.nuget\NuGet.targets = .nuget\NuGet.targets
	EndProjectSection
EndProject
Project("{FAE04EC0-301F-11D3-BF4B-00C04F79EFBC}") = "TokenClient.Services.Acs.Tests", "TokenClient.Services.Acs.Tests\TokenClient.Services.Acs.Tests.csproj", "{758B79EE-943B-4655-8929-DDCE99E42FD9}"
EndProject
Project("{FAE04EC0-301F-11D3-BF4B-00C04F79EFBC}") = "TokenClient.Protocols.OAuth2.Tests", "TokenClient.Protocols.OAuth2.Tests\TokenClient.Protocols.OAuth2.Tests.csproj", "{54EEF63F-2E31-42E8-8760-21B5DA63F016}"
EndProject
Project("{FAE04EC0-301F-11D3-BF4B-00C04F79EFBC}") = "TokenClient.Services.AzureAd.Tests", "TokenClient.Services.AzureAd.Tests\TokenClient.Services.AzureAd.Tests.csproj", "{25CC06AF-2926-4CD1-A304-9214616F1353}"
EndProject
Project("{FAE04EC0-301F-11D3-BF4B-00C04F79EFBC}") = "TokenClient.Common.Tests", "TokenClient.Common.Tests\TokenClient.Common.Tests.csproj", "{2270EEF9-0E2C-4B88-8575-A2263997DB0A}"
EndProject
Project("{FAE04EC0-301F-11D3-BF4B-00C04F79EFBC}") = "TokenClient.Protocols.OAuthWrap", "TokenClient.Protocols.OAuthWrap\TokenClient.Protocols.OAuthWrap.csproj", "{7FE8782C-1BC6-495A-B276-785BA79E5444}"
EndProject
Global
	GlobalSection(SolutionConfigurationPlatforms) = preSolution
		Debug|Any CPU = Debug|Any CPU
		Release|Any CPU = Release|Any CPU
	EndGlobalSection
	GlobalSection(ProjectConfigurationPlatforms) = postSolution
		{7DB1ACE4-D525-4411-A7EB-B25325DCE9BB}.Debug|Any CPU.ActiveCfg = Debug|Any CPU
		{7DB1ACE4-D525-4411-A7EB-B25325DCE9BB}.Debug|Any CPU.Build.0 = Debug|Any CPU
		{7DB1ACE4-D525-4411-A7EB-B25325DCE9BB}.Release|Any CPU.ActiveCfg = Release|Any CPU
		{7DB1ACE4-D525-4411-A7EB-B25325DCE9BB}.Release|Any CPU.Build.0 = Release|Any CPU
		{8702B2CE-A35E-4914-927B-0F7F23FE6EAB}.Debug|Any CPU.ActiveCfg = Debug|Any CPU
		{8702B2CE-A35E-4914-927B-0F7F23FE6EAB}.Debug|Any CPU.Build.0 = Debug|Any CPU
		{8702B2CE-A35E-4914-927B-0F7F23FE6EAB}.Release|Any CPU.ActiveCfg = Release|Any CPU
		{8702B2CE-A35E-4914-927B-0F7F23FE6EAB}.Release|Any CPU.Build.0 = Release|Any CPU
		{7C8214D9-D16D-459B-83F6-82DA065F0BED}.Debug|Any CPU.ActiveCfg = Debug|Any CPU
		{7C8214D9-D16D-459B-83F6-82DA065F0BED}.Debug|Any CPU.Build.0 = Debug|Any CPU
		{7C8214D9-D16D-459B-83F6-82DA065F0BED}.Release|Any CPU.ActiveCfg = Release|Any CPU
		{7C8214D9-D16D-459B-83F6-82DA065F0BED}.Release|Any CPU.Build.0 = Release|Any CPU
		{F20250C2-4C0A-4E8C-B25F-AD9171BC75D1}.Debug|Any CPU.ActiveCfg = Debug|Any CPU
		{F20250C2-4C0A-4E8C-B25F-AD9171BC75D1}.Debug|Any CPU.Build.0 = Debug|Any CPU
		{F20250C2-4C0A-4E8C-B25F-AD9171BC75D1}.Release|Any CPU.ActiveCfg = Release|Any CPU
		{F20250C2-4C0A-4E8C-B25F-AD9171BC75D1}.Release|Any CPU.Build.0 = Release|Any CPU
		{92DDD3AE-0CDB-43AA-862A-E9ACC52DBA50}.Debug|Any CPU.ActiveCfg = Debug|Any CPU
		{92DDD3AE-0CDB-43AA-862A-E9ACC52DBA50}.Debug|Any CPU.Build.0 = Debug|Any CPU
		{92DDD3AE-0CDB-43AA-862A-E9ACC52DBA50}.Release|Any CPU.ActiveCfg = Release|Any CPU
		{92DDD3AE-0CDB-43AA-862A-E9ACC52DBA50}.Release|Any CPU.Build.0 = Release|Any CPU
		{30F81E97-853E-4B80-A553-A6C79B9180B3}.Debug|Any CPU.ActiveCfg = Debug|Any CPU
		{30F81E97-853E-4B80-A553-A6C79B9180B3}.Debug|Any CPU.Build.0 = Debug|Any CPU
		{30F81E97-853E-4B80-A553-A6C79B9180B3}.Release|Any CPU.ActiveCfg = Release|Any CPU
		{30F81E97-853E-4B80-A553-A6C79B9180B3}.Release|Any CPU.Build.0 = Release|Any CPU
		{758B79EE-943B-4655-8929-DDCE99E42FD9}.Debug|Any CPU.ActiveCfg = Debug|Any CPU
		{758B79EE-943B-4655-8929-DDCE99E42FD9}.Debug|Any CPU.Build.0 = Debug|Any CPU
		{758B79EE-943B-4655-8929-DDCE99E42FD9}.Release|Any CPU.ActiveCfg = Release|Any CPU
		{758B79EE-943B-4655-8929-DDCE99E42FD9}.Release|Any CPU.Build.0 = Release|Any CPU
		{54EEF63F-2E31-42E8-8760-21B5DA63F016}.Debug|Any CPU.ActiveCfg = Debug|Any CPU
		{54EEF63F-2E31-42E8-8760-21B5DA63F016}.Debug|Any CPU.Build.0 = Debug|Any CPU
		{54EEF63F-2E31-42E8-8760-21B5DA63F016}.Release|Any CPU.ActiveCfg = Release|Any CPU
		{54EEF63F-2E31-42E8-8760-21B5DA63F016}.Release|Any CPU.Build.0 = Release|Any CPU
		{25CC06AF-2926-4CD1-A304-9214616F1353}.Debug|Any CPU.ActiveCfg = Debug|Any CPU
		{25CC06AF-2926-4CD1-A304-9214616F1353}.Debug|Any CPU.Build.0 = Debug|Any CPU
		{25CC06AF-2926-4CD1-A304-9214616F1353}.Release|Any CPU.ActiveCfg = Release|Any CPU
		{25CC06AF-2926-4CD1-A304-9214616F1353}.Release|Any CPU.Build.0 = Release|Any CPU
		{2270EEF9-0E2C-4B88-8575-A2263997DB0A}.Debug|Any CPU.ActiveCfg = Debug|Any CPU
		{2270EEF9-0E2C-4B88-8575-A2263997DB0A}.Debug|Any CPU.Build.0 = Debug|Any CPU
		{2270EEF9-0E2C-4B88-8575-A2263997DB0A}.Release|Any CPU.ActiveCfg = Release|Any CPU
		{2270EEF9-0E2C-4B88-8575-A2263997DB0A}.Release|Any CPU.Build.0 = Release|Any CPU
		{7FE8782C-1BC6-495A-B276-785BA79E5444}.Debug|Any CPU.ActiveCfg = Debug|Any CPU
		{7FE8782C-1BC6-495A-B276-785BA79E5444}.Debug|Any CPU.Build.0 = Debug|Any CPU
		{7FE8782C-1BC6-495A-B276-785BA79E5444}.Release|Any CPU.ActiveCfg = Release|Any CPU
		{7FE8782C-1BC6-495A-B276-785BA79E5444}.Release|Any CPU.Build.0 = Release|Any CPU
	EndGlobalSection
	GlobalSection(SolutionProperties) = preSolution
		HideSolutionNode = FALSE
	EndGlobalSection
EndGlobal
